
Microsoft Visual Studio Solution File, Format Version 12.00
# Visual Studio 15
VisualStudioVersion = 15.0.28307.1705
MinimumVisualStudioVersion = 10.0.40219.1
Project("{FAE04EC0-301F-11D3-BF4B-00C04F79EFBC}") = "csharp-exercises", "csharp-exercises\csharp-exercises.csproj", "{FD815818-C991-489B-ADDC-99AC3C3C9CD6}"
EndProject
Global
	GlobalSection(SolutionConfigurationPlatforms) = preSolution
		Debug|Any CPU = Debug|Any CPU
		Release|Any CPU = Release|Any CPU
	EndGlobalSection
	GlobalSection(ProjectConfigurationPlatforms) = postSolution
		{FD815818-C991-489B-ADDC-99AC3C3C9CD6}.Debug|Any CPU.ActiveCfg = Debug|Any CPU
		{FD815818-C991-489B-ADDC-99AC3C3C9CD6}.Debug|Any CPU.Build.0 = Debug|Any CPU
		{FD815818-C991-489B-ADDC-99AC3C3C9CD6}.Release|Any CPU.ActiveCfg = Release|Any CPU
		{FD815818-C991-489B-ADDC-99AC3C3C9CD6}.Release|Any CPU.Build.0 = Release|Any CPU
	EndGlobalSection
	GlobalSection(SolutionProperties) = preSolution
		HideSolutionNode = FALSE
	EndGlobalSection
	GlobalSection(ExtensibilityGlobals) = postSolution
		SolutionGuid = {8D0F5B9B-ED8A-44BD-BC57-85F4E8DE9A72}
	EndGlobalSection
EndGlobal
