Microsoft Visual Studio Solution File, Format Version 12.00
# Visual Studio Version 17
VisualStudioVersion = 17.5.2.0
MinimumVisualStudioVersion = 10.0.40219.1
Project("{FAE04EC0-301F-11D3-BF4B-00C04F79EFBC}") = "csharp-exercises", "csharp-exercises.csproj", "{3E12D2B2-3E26-B3ED-99F6-EE0A589211B8}"
EndProject
Global
	GlobalSection(SolutionConfigurationPlatforms) = preSolution
		Debug|Any CPU = Debug|Any CPU
		Release|Any CPU = Release|Any CPU
	EndGlobalSection
	GlobalSection(ProjectConfigurationPlatforms) = postSolution
		{3E12D2B2-3E26-B3ED-99F6-EE0A589211B8}.Debug|Any CPU.ActiveCfg = Debug|Any CPU
		{3E12D2B2-3E26-B3ED-99F6-EE0A589211B8}.Debug|Any CPU.Build.0 = Debug|Any CPU
		{3E12D2B2-3E26-B3ED-99F6-EE0A589211B8}.Release|Any CPU.ActiveCfg = Release|Any CPU
		{3E12D2B2-3E26-B3ED-99F6-EE0A589211B8}.Release|Any CPU.Build.0 = Release|Any CPU
	EndGlobalSection
	GlobalSection(SolutionProperties) = preSolution
		HideSolutionNode = FALSE
	EndGlobalSection
	GlobalSection(ExtensibilityGlobals) = postSolution
		SolutionGuid = {064F6C53-92D0-4B16-B2AA-FDF8B74AA709}
	EndGlobalSection
EndGlobal
